
Microsoft Visual Studio Solution File, Format Version 12.00
# Visual Studio 15
VisualStudioVersion = 15.0.27130.2027
MinimumVisualStudioVersion = 10.0.40219.1
Project("{8BC9CEB8-8B4A-11D0-8D11-00A0C91BC942}") = "Assign 05", "Assign 05\Assign 05.vcxproj", "{B195A8A2-EE11-440A-879D-9275DB3FECEC}"
EndProject
Global
	GlobalSection(SolutionConfigurationPlatforms) = preSolution
		Debug|x64 = Debug|x64
		Debug|x86 = Debug|x86
		Release|x64 = Release|x64
		Release|x86 = Release|x86
	EndGlobalSection
	GlobalSection(ProjectConfigurationPlatforms) = postSolution
		{B195A8A2-EE11-440A-879D-9275DB3FECEC}.Debug|x64.ActiveCfg = Debug|x64
		{B195A8A2-EE11-440A-879D-9275DB3FECEC}.Debug|x64.Build.0 = Debug|x64
		{B195A8A2-EE11-440A-879D-9275DB3FECEC}.Debug|x86.ActiveCfg = Debug|Win32
		{B195A8A2-EE11-440A-879D-9275DB3FECEC}.Debug|x86.Build.0 = Debug|Win32
		{B195A8A2-EE11-440A-879D-9275DB3FECEC}.Release|x64.ActiveCfg = Release|x64
		{B195A8A2-EE11-440A-879D-9275DB3FECEC}.Release|x64.Build.0 = Release|x64
		{B195A8A2-EE11-440A-879D-9275DB3FECEC}.Release|x86.ActiveCfg = Release|Win32
		{B195A8A2-EE11-440A-879D-9275DB3FECEC}.Release|x86.Build.0 = Release|Win32
	EndGlobalSection
	GlobalSection(SolutionProperties) = preSolution
		HideSolutionNode = FALSE
	EndGlobalSection
	GlobalSection(ExtensibilityGlobals) = postSolution
		SolutionGuid = {FC4E59EC-5371-40AE-B389-31CA24FD80C4}
	EndGlobalSection
EndGlobal
